// !$*UTF8*$!
{
	archiveVersion = 1;
	classes = {
	};
	objectVersion = 77;
	objects = {

/* Begin PBXBuildFile section */
		3E01368F2E1395A9009EACBB /* FirebaseFunctions in Frameworks */ = {isa = PBXBuildFile; productRef = 3E01368E2E1395A9009EACBB /* FirebaseFunctions */; };
		3EBA29B82DC92DEC00C5A480 /* FirebaseAnalytics in Frameworks */ = {isa = PBXBuildFile; productRef = 3EBA29B72DC92DEC00C5A480 /* FirebaseAnalytics */; };
		3EBA29BA2DC92DEC00C5A480 /* FirebaseAppCheck in Frameworks */ = {isa = PBXBuildFile; productRef = 3EBA29B92DC92DEC00C5A480 /* FirebaseAppCheck */; };
		3EBA29BC2DC92DEC00C5A480 /* FirebaseAppDistribution-Beta in Frameworks */ = {isa = PBXBuildFile; productRef = 3EBA29BB2DC92DEC00C5A480 /* FirebaseAppDistribution-Beta */; };
		3EBA29BE2DC92DEC00C5A480 /* FirebaseAuth in Frameworks */ = {isa = PBXBuildFile; productRef = 3EBA29BD2DC92DEC00C5A480 /* FirebaseAuth */; };
		3EBA29C02DC92DEC00C5A480 /* FirebaseCore in Frameworks */ = {isa = PBXBuildFile; productRef = 3EBA29BF2DC92DEC00C5A480 /* FirebaseCore */; };
		3EBA29C22DC92DEC00C5A480 /* FirebaseCrashlytics in Frameworks */ = {isa = PBXBuildFile; productRef = 3EBA29C12DC92DEC00C5A480 /* FirebaseCrashlytics */; };
		3EBA29C42DC92DEC00C5A480 /* FirebaseDatabase in Frameworks */ = {isa = PBXBuildFile; productRef = 3EBA29C32DC92DEC00C5A480 /* FirebaseDatabase */; };
		3EBA29C62DC92DEC00C5A480 /* FirebaseDynamicLinks in Frameworks */ = {isa = PBXBuildFile; productRef = 3EBA29C52DC92DEC00C5A480 /* FirebaseDynamicLinks */; };
		3EBA29C82DC92DEC00C5A480 /* FirebaseFirestore in Frameworks */ = {isa = PBXBuildFile; productRef = 3EBA29C72DC92DEC00C5A480 /* FirebaseFirestore */; };
		3EBA29CA2DC92DEC00C5A480 /* FirebaseInAppMessaging-Beta in Frameworks */ = {isa = PBXBuildFile; productRef = 3EBA29C92DC92DEC00C5A480 /* FirebaseInAppMessaging-Beta */; };
		3EBA29CC2DC92DEC00C5A480 /* FirebaseInstallations in Frameworks */ = {isa = PBXBuildFile; productRef = 3EBA29CB2DC92DEC00C5A480 /* FirebaseInstallations */; };
		3EBA29CE2DC92DEC00C5A480 /* FirebaseMessaging in Frameworks */ = {isa = PBXBuildFile; productRef = 3EBA29CD2DC92DEC00C5A480 /* FirebaseMessaging */; };
		3EBA29D02DC92DEC00C5A480 /* FirebasePerformance in Frameworks */ = {isa = PBXBuildFile; productRef = 3EBA29CF2DC92DEC00C5A480 /* FirebasePerformance */; };
		3EBA29D22DC92DEC00C5A480 /* FirebaseRemoteConfig in Frameworks */ = {isa = PBXBuildFile; productRef = 3EBA29D12DC92DEC00C5A480 /* FirebaseRemoteConfig */; };
		3EBA29D42DC92DEC00C5A480 /* FirebaseStorage in Frameworks */ = {isa = PBXBuildFile; productRef = 3EBA29D32DC92DEC00C5A480 /* FirebaseStorage */; };
		3EBA29D62DC92DEC00C5A480 /* FirebaseVertexAI in Frameworks */ = {isa = PBXBuildFile; productRef = 3EBA29D52DC92DEC00C5A480 /* FirebaseVertexAI */; };
		3EBA2A5C2DC9327D00C5A480 /* .gitignore in Resources */ = {isa = PBXBuildFile; fileRef = 3EBA2A5B2DC9327300C5A480 /* .gitignore */; };
		3EFEB9742DCA7E6200EDA6FB /* GoogleSignIn in Frameworks */ = {isa = PBXBuildFile; productRef = 3EFEB9732DCA7E6200EDA6FB /* GoogleSignIn */; };
		3EFEB9762DCA7E6200EDA6FB /* GoogleSignInSwift in Frameworks */ = {isa = PBXBuildFile; productRef = 3EFEB9752DCA7E6200EDA6FB /* GoogleSignInSwift */; };
/* End PBXBuildFile section */

/* Begin PBXContainerItemProxy section */
		3E0E1F492DC929EA00329B38 /* PBXContainerItemProxy */ = {
			isa = PBXContainerItemProxy;
			containerPortal = 3E0E1F302DC929E800329B38 /* Project object */;
			proxyType = 1;
			remoteGlobalIDString = 3E0E1F372DC929E800329B38;
			remoteInfo = Swipe4MeMobile;
		};
		3E0E1F532DC929EA00329B38 /* PBXContainerItemProxy */ = {
			isa = PBXContainerItemProxy;
			containerPortal = 3E0E1F302DC929E800329B38 /* Project object */;
			proxyType = 1;
			remoteGlobalIDString = 3E0E1F372DC929E800329B38;
			remoteInfo = Swipe4MeMobile;
		};
/* End PBXContainerItemProxy section */

/* Begin PBXFileReference section */
		3E0E1F382DC929E800329B38 /* Swipe4MeMobile.app */ = {isa = PBXFileReference; explicitFileType = wrapper.application; includeInIndex = 0; path = Swipe4MeMobile.app; sourceTree = BUILT_PRODUCTS_DIR; };
		3E0E1F482DC929EA00329B38 /* Swipe4MeMobileTests.xctest */ = {isa = PBXFileReference; explicitFileType = wrapper.cfbundle; includeInIndex = 0; path = Swipe4MeMobileTests.xctest; sourceTree = BUILT_PRODUCTS_DIR; };
		3E0E1F522DC929EA00329B38 /* Swipe4MeMobileUITests.xctest */ = {isa = PBXFileReference; explicitFileType = wrapper.cfbundle; includeInIndex = 0; path = Swipe4MeMobileUITests.xctest; sourceTree = BUILT_PRODUCTS_DIR; };
		3EBA2A5B2DC9327300C5A480 /* .gitignore */ = {isa = PBXFileReference; lastKnownFileType = text; path = .gitignore; sourceTree = "<group>"; };
/* End PBXFileReference section */

/* Begin PBXFileSystemSynchronizedBuildFileExceptionSet section */
		3EFEB8F12DCA7C8E00EDA6FB /* Exceptions for "Swipe4MeMobile" folder in "Swipe4MeMobile" target */ = {
			isa = PBXFileSystemSynchronizedBuildFileExceptionSet;
			membershipExceptions = (
				Info.plist,
			);
			target = 3E0E1F372DC929E800329B38 /* Swipe4MeMobile */;
		};
/* End PBXFileSystemSynchronizedBuildFileExceptionSet section */

/* Begin PBXFileSystemSynchronizedRootGroup section */
		3E0E1F3A2DC929E800329B38 /* Swipe4MeMobile */ = {
			isa = PBXFileSystemSynchronizedRootGroup;
			exceptions = (
				3EFEB8F12DCA7C8E00EDA6FB /* Exceptions for "Swipe4MeMobile" folder in "Swipe4MeMobile" target */,
			);
			path = Swipe4MeMobile;
			sourceTree = "<group>";
		};
		3E0E1F4B2DC929EA00329B38 /* Swipe4MeMobileTests */ = {
			isa = PBXFileSystemSynchronizedRootGroup;
			path = Swipe4MeMobileTests;
			sourceTree = "<group>";
		};
		3E0E1F552DC929EA00329B38 /* Swipe4MeMobileUITests */ = {
			isa = PBXFileSystemSynchronizedRootGroup;
			path = Swipe4MeMobileUITests;
			sourceTree = "<group>";
		};
/* End PBXFileSystemSynchronizedRootGroup section */

/* Begin PBXFrameworksBuildPhase section */
		3E0E1F352DC929E800329B38 /* Frameworks */ = {
			isa = PBXFrameworksBuildPhase;
			buildActionMask = 2147483647;
			files = (
				3EBA29CE2DC92DEC00C5A480 /* FirebaseMessaging in Frameworks */,
				3EBA29CC2DC92DEC00C5A480 /* FirebaseInstallations in Frameworks */,
				3EBA29BA2DC92DEC00C5A480 /* FirebaseAppCheck in Frameworks */,
				3EBA29D22DC92DEC00C5A480 /* FirebaseRemoteConfig in Frameworks */,
				3EBA29C02DC92DEC00C5A480 /* FirebaseCore in Frameworks */,
				3EBA29B82DC92DEC00C5A480 /* FirebaseAnalytics in Frameworks */,
				3EBA29C62DC92DEC00C5A480 /* FirebaseDynamicLinks in Frameworks */,
				3EBA29C22DC92DEC00C5A480 /* FirebaseCrashlytics in Frameworks */,
				3EBA29D42DC92DEC00C5A480 /* FirebaseStorage in Frameworks */,
				3EFEB9762DCA7E6200EDA6FB /* GoogleSignInSwift in Frameworks */,
				3E01368F2E1395A9009EACBB /* FirebaseFunctions in Frameworks */,
				3EFEB9742DCA7E6200EDA6FB /* GoogleSignIn in Frameworks */,
				3EBA29D62DC92DEC00C5A480 /* FirebaseVertexAI in Frameworks */,
				3EBA29C82DC92DEC00C5A480 /* FirebaseFirestore in Frameworks */,
				3EBA29BC2DC92DEC00C5A480 /* FirebaseAppDistribution-Beta in Frameworks */,
				3EBA29C42DC92DEC00C5A480 /* FirebaseDatabase in Frameworks */,
				3EBA29D02DC92DEC00C5A480 /* FirebasePerformance in Frameworks */,
				3EBA29BE2DC92DEC00C5A480 /* FirebaseAuth in Frameworks */,
				3EBA29CA2DC92DEC00C5A480 /* FirebaseInAppMessaging-Beta in Frameworks */,
			);
			runOnlyForDeploymentPostprocessing = 0;
		};
		3E0E1F452DC929EA00329B38 /* Frameworks */ = {
			isa = PBXFrameworksBuildPhase;
			buildActionMask = 2147483647;
			files = (
			);
			runOnlyForDeploymentPostprocessing = 0;
		};
		3E0E1F4F2DC929EA00329B38 /* Frameworks */ = {
			isa = PBXFrameworksBuildPhase;
			buildActionMask = 2147483647;
			files = (
			);
			runOnlyForDeploymentPostprocessing = 0;
		};
/* End PBXFrameworksBuildPhase section */

/* Begin PBXGroup section */
		3E0E1F2F2DC929E800329B38 = {
			isa = PBXGroup;
			children = (
				3EBA2A5B2DC9327300C5A480 /* .gitignore */,
				3E0E1F3A2DC929E800329B38 /* Swipe4MeMobile */,
				3E0E1F4B2DC929EA00329B38 /* Swipe4MeMobileTests */,
				3E0E1F552DC929EA00329B38 /* Swipe4MeMobileUITests */,
				3E0E1F392DC929E800329B38 /* Products */,
			);
			sourceTree = "<group>";
		};
		3E0E1F392DC929E800329B38 /* Products */ = {
			isa = PBXGroup;
			children = (
				3E0E1F382DC929E800329B38 /* Swipe4MeMobile.app */,
				3E0E1F482DC929EA00329B38 /* Swipe4MeMobileTests.xctest */,
				3E0E1F522DC929EA00329B38 /* Swipe4MeMobileUITests.xctest */,
			);
			name = Products;
			sourceTree = "<group>";
		};
/* End PBXGroup section */

/* Begin PBXNativeTarget section */
		3E0E1F372DC929E800329B38 /* Swipe4MeMobile */ = {
			isa = PBXNativeTarget;
			buildConfigurationList = 3E0E1F5C2DC929EA00329B38 /* Build configuration list for PBXNativeTarget "Swipe4MeMobile" */;
			buildPhases = (
				3E0E1F342DC929E800329B38 /* Sources */,
				3E0E1F352DC929E800329B38 /* Frameworks */,
				3E0E1F362DC929E800329B38 /* Resources */,
			);
			buildRules = (
			);
			dependencies = (
			);
			fileSystemSynchronizedGroups = (
				3E0E1F3A2DC929E800329B38 /* Swipe4MeMobile */,
			);
			name = Swipe4MeMobile;
			packageProductDependencies = (
				3EBA29B72DC92DEC00C5A480 /* FirebaseAnalytics */,
				3EBA29B92DC92DEC00C5A480 /* FirebaseAppCheck */,
				3EBA29BB2DC92DEC00C5A480 /* FirebaseAppDistribution-Beta */,
				3EBA29BD2DC92DEC00C5A480 /* FirebaseAuth */,
				3EBA29BF2DC92DEC00C5A480 /* FirebaseCore */,
				3EBA29C12DC92DEC00C5A480 /* FirebaseCrashlytics */,
				3EBA29C32DC92DEC00C5A480 /* FirebaseDatabase */,
				3EBA29C52DC92DEC00C5A480 /* FirebaseDynamicLinks */,
				3EBA29C72DC92DEC00C5A480 /* FirebaseFirestore */,
				3EBA29C92DC92DEC00C5A480 /* FirebaseInAppMessaging-Beta */,
				3EBA29CB2DC92DEC00C5A480 /* FirebaseInstallations */,
				3EBA29CD2DC92DEC00C5A480 /* FirebaseMessaging */,
				3EBA29CF2DC92DEC00C5A480 /* FirebasePerformance */,
				3EBA29D12DC92DEC00C5A480 /* FirebaseRemoteConfig */,
				3EBA29D32DC92DEC00C5A480 /* FirebaseStorage */,
				3EBA29D52DC92DEC00C5A480 /* FirebaseVertexAI */,
				3EFEB9732DCA7E6200EDA6FB /* GoogleSignIn */,
				3EFEB9752DCA7E6200EDA6FB /* GoogleSignInSwift */,
				3E01368E2E1395A9009EACBB /* FirebaseFunctions */,
			);
			productName = Swipe4MeMobile;
			productReference = 3E0E1F382DC929E800329B38 /* Swipe4MeMobile.app */;
			productType = "com.apple.product-type.application";
		};
		3E0E1F472DC929EA00329B38 /* Swipe4MeMobileTests */ = {
			isa = PBXNativeTarget;
			buildConfigurationList = 3E0E1F5F2DC929EA00329B38 /* Build configuration list for PBXNativeTarget "Swipe4MeMobileTests" */;
			buildPhases = (
				3E0E1F442DC929EA00329B38 /* Sources */,
				3E0E1F452DC929EA00329B38 /* Frameworks */,
				3E0E1F462DC929EA00329B38 /* Resources */,
			);
			buildRules = (
			);
			dependencies = (
				3E0E1F4A2DC929EA00329B38 /* PBXTargetDependency */,
			);
			fileSystemSynchronizedGroups = (
				3E0E1F4B2DC929EA00329B38 /* Swipe4MeMobileTests */,
			);
			name = Swipe4MeMobileTests;
			packageProductDependencies = (
			);
			productName = Swipe4MeMobileTests;
			productReference = 3E0E1F482DC929EA00329B38 /* Swipe4MeMobileTests.xctest */;
			productType = "com.apple.product-type.bundle.unit-test";
		};
		3E0E1F512DC929EA00329B38 /* Swipe4MeMobileUITests */ = {
			isa = PBXNativeTarget;
			buildConfigurationList = 3E0E1F622DC929EA00329B38 /* Build configuration list for PBXNativeTarget "Swipe4MeMobileUITests" */;
			buildPhases = (
				3E0E1F4E2DC929EA00329B38 /* Sources */,
				3E0E1F4F2DC929EA00329B38 /* Frameworks */,
				3E0E1F502DC929EA00329B38 /* Resources */,
			);
			buildRules = (
			);
			dependencies = (
				3E0E1F542DC929EA00329B38 /* PBXTargetDependency */,
			);
			fileSystemSynchronizedGroups = (
				3E0E1F552DC929EA00329B38 /* Swipe4MeMobileUITests */,
			);
			name = Swipe4MeMobileUITests;
			packageProductDependencies = (
			);
			productName = Swipe4MeMobileUITests;
			productReference = 3E0E1F522DC929EA00329B38 /* Swipe4MeMobileUITests.xctest */;
			productType = "com.apple.product-type.bundle.ui-testing";
		};
/* End PBXNativeTarget section */

/* Begin PBXProject section */
		3E0E1F302DC929E800329B38 /* Project object */ = {
			isa = PBXProject;
			attributes = {
				BuildIndependentTargetsInParallel = 1;
				LastSwiftUpdateCheck = 1620;
				LastUpgradeCheck = 1620;
				TargetAttributes = {
					3E0E1F372DC929E800329B38 = {
						CreatedOnToolsVersion = 16.2;
					};
					3E0E1F472DC929EA00329B38 = {
						CreatedOnToolsVersion = 16.2;
						TestTargetID = 3E0E1F372DC929E800329B38;
					};
					3E0E1F512DC929EA00329B38 = {
						CreatedOnToolsVersion = 16.2;
						TestTargetID = 3E0E1F372DC929E800329B38;
					};
				};
			};
			buildConfigurationList = 3E0E1F332DC929E800329B38 /* Build configuration list for PBXProject "Swipe4MeMobile" */;
			developmentRegion = en;
			hasScannedForEncodings = 0;
			knownRegions = (
				en,
				Base,
			);
			mainGroup = 3E0E1F2F2DC929E800329B38;
			minimizedProjectReferenceProxies = 1;
			packageReferences = (
				3EBA29B62DC92DEC00C5A480 /* XCRemoteSwiftPackageReference "firebase-ios-sdk" */,
				3EFEB9722DCA7E6200EDA6FB /* XCRemoteSwiftPackageReference "GoogleSignIn-iOS" */,
			);
			preferredProjectObjectVersion = 77;
			productRefGroup = 3E0E1F392DC929E800329B38 /* Products */;
			projectDirPath = "";
			projectRoot = "";
			targets = (
				3E0E1F372DC929E800329B38 /* Swipe4MeMobile */,
				3E0E1F472DC929EA00329B38 /* Swipe4MeMobileTests */,
				3E0E1F512DC929EA00329B38 /* Swipe4MeMobileUITests */,
			);
		};
/* End PBXProject section */

/* Begin PBXResourcesBuildPhase section */
		3E0E1F362DC929E800329B38 /* Resources */ = {
			isa = PBXResourcesBuildPhase;
			buildActionMask = 2147483647;
			files = (
				3EBA2A5C2DC9327D00C5A480 /* .gitignore in Resources */,
			);
			runOnlyForDeploymentPostprocessing = 0;
		};
		3E0E1F462DC929EA00329B38 /* Resources */ = {
			isa = PBXResourcesBuildPhase;
			buildActionMask = 2147483647;
			files = (
			);
			runOnlyForDeploymentPostprocessing = 0;
		};
		3E0E1F502DC929EA00329B38 /* Resources */ = {
			isa = PBXResourcesBuildPhase;
			buildActionMask = 2147483647;
			files = (
			);
			runOnlyForDeploymentPostprocessing = 0;
		};
/* End PBXResourcesBuildPhase section */

/* Begin PBXSourcesBuildPhase section */
		3E0E1F342DC929E800329B38 /* Sources */ = {
			isa = PBXSourcesBuildPhase;
			buildActionMask = 2147483647;
			files = (
			);
			runOnlyForDeploymentPostprocessing = 0;
		};
		3E0E1F442DC929EA00329B38 /* Sources */ = {
			isa = PBXSourcesBuildPhase;
			buildActionMask = 2147483647;
			files = (
			);
			runOnlyForDeploymentPostprocessing = 0;
		};
		3E0E1F4E2DC929EA00329B38 /* Sources */ = {
			isa = PBXSourcesBuildPhase;
			buildActionMask = 2147483647;
			files = (
			);
			runOnlyForDeploymentPostprocessing = 0;
		};
/* End PBXSourcesBuildPhase section */

/* Begin PBXTargetDependency section */
		3E0E1F4A2DC929EA00329B38 /* PBXTargetDependency */ = {
			isa = PBXTargetDependency;
			target = 3E0E1F372DC929E800329B38 /* Swipe4MeMobile */;
			targetProxy = 3E0E1F492DC929EA00329B38 /* PBXContainerItemProxy */;
		};
		3E0E1F542DC929EA00329B38 /* PBXTargetDependency */ = {
			isa = PBXTargetDependency;
			target = 3E0E1F372DC929E800329B38 /* Swipe4MeMobile */;
			targetProxy = 3E0E1F532DC929EA00329B38 /* PBXContainerItemProxy */;
		};
/* End PBXTargetDependency section */

/* Begin XCBuildConfiguration section */
		3E0E1F5A2DC929EA00329B38 /* Debug */ = {
			isa = XCBuildConfiguration;
			buildSettings = {
				ALWAYS_SEARCH_USER_PATHS = NO;
				ASSETCATALOG_COMPILER_GENERATE_SWIFT_ASSET_SYMBOL_EXTENSIONS = YES;
				CLANG_ANALYZER_NONNULL = YES;
				CLANG_ANALYZER_NUMBER_OBJECT_CONVERSION = YES_AGGRESSIVE;
				CLANG_CXX_LANGUAGE_STANDARD = "gnu++20";
				CLANG_ENABLE_MODULES = YES;
				CLANG_ENABLE_OBJC_ARC = YES;
				CLANG_ENABLE_OBJC_WEAK = YES;
				CLANG_WARN_BLOCK_CAPTURE_AUTORELEASING = YES;
				CLANG_WARN_BOOL_CONVERSION = YES;
				CLANG_WARN_COMMA = YES;
				CLANG_WARN_CONSTANT_CONVERSION = YES;
				CLANG_WARN_DEPRECATED_OBJC_IMPLEMENTATIONS = YES;
				CLANG_WARN_DIRECT_OBJC_ISA_USAGE = YES_ERROR;
				CLANG_WARN_DOCUMENTATION_COMMENTS = YES;
				CLANG_WARN_EMPTY_BODY = YES;
				CLANG_WARN_ENUM_CONVERSION = YES;
				CLANG_WARN_INFINITE_RECURSION = YES;
				CLANG_WARN_INT_CONVERSION = YES;
				CLANG_WARN_NON_LITERAL_NULL_CONVERSION = YES;
				CLANG_WARN_OBJC_IMPLICIT_RETAIN_SELF = YES;
				CLANG_WARN_OBJC_LITERAL_CONVERSION = YES;
				CLANG_WARN_OBJC_ROOT_CLASS = YES_ERROR;
				CLANG_WARN_QUOTED_INCLUDE_IN_FRAMEWORK_HEADER = YES;
				CLANG_WARN_RANGE_LOOP_ANALYSIS = YES;
				CLANG_WARN_STRICT_PROTOTYPES = YES;
				CLANG_WARN_SUSPICIOUS_MOVE = YES;
				CLANG_WARN_UNGUARDED_AVAILABILITY = YES_AGGRESSIVE;
				CLANG_WARN_UNREACHABLE_CODE = YES;
				CLANG_WARN__DUPLICATE_METHOD_MATCH = YES;
				COPY_PHASE_STRIP = NO;
				DEBUG_INFORMATION_FORMAT = dwarf;
				ENABLE_STRICT_OBJC_MSGSEND = YES;
				ENABLE_TESTABILITY = YES;
				ENABLE_USER_SCRIPT_SANDBOXING = YES;
				GCC_C_LANGUAGE_STANDARD = gnu17;
				GCC_DYNAMIC_NO_PIC = NO;
				GCC_NO_COMMON_BLOCKS = YES;
				GCC_OPTIMIZATION_LEVEL = 0;
				GCC_PREPROCESSOR_DEFINITIONS = (
					"DEBUG=1",
					"$(inherited)",
				);
				GCC_WARN_64_TO_32_BIT_CONVERSION = YES;
				GCC_WARN_ABOUT_RETURN_TYPE = YES_ERROR;
				GCC_WARN_UNDECLARED_SELECTOR = YES;
				GCC_WARN_UNINITIALIZED_AUTOS = YES_AGGRESSIVE;
				GCC_WARN_UNUSED_FUNCTION = YES;
				GCC_WARN_UNUSED_VARIABLE = YES;
				IPHONEOS_DEPLOYMENT_TARGET = 18.2;
				LOCALIZATION_PREFERS_STRING_CATALOGS = YES;
				MTL_ENABLE_DEBUG_INFO = INCLUDE_SOURCE;
				MTL_FAST_MATH = YES;
				ONLY_ACTIVE_ARCH = YES;
				SDKROOT = iphoneos;
				SWIFT_ACTIVE_COMPILATION_CONDITIONS = "DEBUG $(inherited)";
				SWIFT_OPTIMIZATION_LEVEL = "-Onone";
			};
			name = Debug;
		};
		3E0E1F5B2DC929EA00329B38 /* Release */ = {
			isa = XCBuildConfiguration;
			buildSettings = {
				ALWAYS_SEARCH_USER_PATHS = NO;
				ASSETCATALOG_COMPILER_GENERATE_SWIFT_ASSET_SYMBOL_EXTENSIONS = YES;
				CLANG_ANALYZER_NONNULL = YES;
				CLANG_ANALYZER_NUMBER_OBJECT_CONVERSION = YES_AGGRESSIVE;
				CLANG_CXX_LANGUAGE_STANDARD = "gnu++20";
				CLANG_ENABLE_MODULES = YES;
				CLANG_ENABLE_OBJC_ARC = YES;
				CLANG_ENABLE_OBJC_WEAK = YES;
				CLANG_WARN_BLOCK_CAPTURE_AUTORELEASING = YES;
				CLANG_WARN_BOOL_CONVERSION = YES;
				CLANG_WARN_COMMA = YES;
				CLANG_WARN_CONSTANT_CONVERSION = YES;
				CLANG_WARN_DEPRECATED_OBJC_IMPLEMENTATIONS = YES;
				CLANG_WARN_DIRECT_OBJC_ISA_USAGE = YES_ERROR;
				CLANG_WARN_DOCUMENTATION_COMMENTS = YES;
				CLANG_WARN_EMPTY_BODY = YES;
				CLANG_WARN_ENUM_CONVERSION = YES;
				CLANG_WARN_INFINITE_RECURSION = YES;
				CLANG_WARN_INT_CONVERSION = YES;
				CLANG_WARN_NON_LITERAL_NULL_CONVERSION = YES;
				CLANG_WARN_OBJC_IMPLICIT_RETAIN_SELF = YES;
				CLANG_WARN_OBJC_LITERAL_CONVERSION = YES;
				CLANG_WARN_OBJC_ROOT_CLASS = YES_ERROR;
				CLANG_WARN_QUOTED_INCLUDE_IN_FRAMEWORK_HEADER = YES;
				CLANG_WARN_RANGE_LOOP_ANALYSIS = YES;
				CLANG_WARN_STRICT_PROTOTYPES = YES;
				CLANG_WARN_SUSPICIOUS_MOVE = YES;
				CLANG_WARN_UNGUARDED_AVAILABILITY = YES_AGGRESSIVE;
				CLANG_WARN_UNREACHABLE_CODE = YES;
				CLANG_WARN__DUPLICATE_METHOD_MATCH = YES;
				COPY_PHASE_STRIP = NO;
				DEBUG_INFORMATION_FORMAT = "dwarf-with-dsym";
				ENABLE_NS_ASSERTIONS = NO;
				ENABLE_STRICT_OBJC_MSGSEND = YES;
				ENABLE_USER_SCRIPT_SANDBOXING = YES;
				GCC_C_LANGUAGE_STANDARD = gnu17;
				GCC_NO_COMMON_BLOCKS = YES;
				GCC_WARN_64_TO_32_BIT_CONVERSION = YES;
				GCC_WARN_ABOUT_RETURN_TYPE = YES_ERROR;
				GCC_WARN_UNDECLARED_SELECTOR = YES;
				GCC_WARN_UNINITIALIZED_AUTOS = YES_AGGRESSIVE;
				GCC_WARN_UNUSED_FUNCTION = YES;
				GCC_WARN_UNUSED_VARIABLE = YES;
				IPHONEOS_DEPLOYMENT_TARGET = 18.2;
				LOCALIZATION_PREFERS_STRING_CATALOGS = YES;
				MTL_ENABLE_DEBUG_INFO = NO;
				MTL_FAST_MATH = YES;
				SDKROOT = iphoneos;
				SWIFT_COMPILATION_MODE = wholemodule;
				VALIDATE_PRODUCT = YES;
			};
			name = Release;
		};
		3E0E1F5D2DC929EA00329B38 /* Debug */ = {
			isa = XCBuildConfiguration;
			buildSettings = {
				ASSETCATALOG_COMPILER_APPICON_NAME = AppIcon;
				ASSETCATALOG_COMPILER_GLOBAL_ACCENT_COLOR_NAME = AccentColor;
				CODE_SIGN_STYLE = Automatic;
				CURRENT_PROJECT_VERSION = 1;
				DEVELOPMENT_ASSET_PATHS = "\"Swipe4MeMobile/Preview Content\"";
				DEVELOPMENT_TEAM = 4BZMLQFM94;
				ENABLE_PREVIEWS = YES;
				GENERATE_INFOPLIST_FILE = YES;
				INFOPLIST_FILE = Swipe4MeMobile/Info.plist;
				INFOPLIST_KEY_UIApplicationSceneManifest_Generation = YES;
				INFOPLIST_KEY_UIApplicationSupportsIndirectInputEvents = YES;
				INFOPLIST_KEY_UILaunchScreen_Generation = YES;
				INFOPLIST_KEY_UISupportedInterfaceOrientations_iPad = "UIInterfaceOrientationPortrait UIInterfaceOrientationPortraitUpsideDown UIInterfaceOrientationLandscapeLeft UIInterfaceOrientationLandscapeRight";
				INFOPLIST_KEY_UISupportedInterfaceOrientations_iPhone = "UIInterfaceOrientationPortrait UIInterfaceOrientationLandscapeLeft UIInterfaceOrientationLandscapeRight";
				LD_RUNPATH_SEARCH_PATHS = (
					"$(inherited)",
					"@executable_path/Frameworks",
				);
				MARKETING_VERSION = 1.0;
				PRODUCT_BUNDLE_IDENTIFIER = com.stevenysy.Swipe4MeMobile;
				PRODUCT_NAME = "$(TARGET_NAME)";
				SWIFT_EMIT_LOC_STRINGS = YES;
				SWIFT_VERSION = 5.0;
				TARGETED_DEVICE_FAMILY = "1,2";
			};
			name = Debug;
		};
		3E0E1F5E2DC929EA00329B38 /* Release */ = {
			isa = XCBuildConfiguration;
			buildSettings = {
				ASSETCATALOG_COMPILER_APPICON_NAME = AppIcon;
				ASSETCATALOG_COMPILER_GLOBAL_ACCENT_COLOR_NAME = AccentColor;
				CODE_SIGN_STYLE = Automatic;
				CURRENT_PROJECT_VERSION = 1;
				DEVELOPMENT_ASSET_PATHS = "\"Swipe4MeMobile/Preview Content\"";
				DEVELOPMENT_TEAM = 4BZMLQFM94;
				ENABLE_PREVIEWS = YES;
				GENERATE_INFOPLIST_FILE = YES;
				INFOPLIST_FILE = Swipe4MeMobile/Info.plist;
				INFOPLIST_KEY_UIApplicationSceneManifest_Generation = YES;
				INFOPLIST_KEY_UIApplicationSupportsIndirectInputEvents = YES;
				INFOPLIST_KEY_UILaunchScreen_Generation = YES;
				INFOPLIST_KEY_UISupportedInterfaceOrientations_iPad = "UIInterfaceOrientationPortrait UIInterfaceOrientationPortraitUpsideDown UIInterfaceOrientationLandscapeLeft UIInterfaceOrientationLandscapeRight";
				INFOPLIST_KEY_UISupportedInterfaceOrientations_iPhone = "UIInterfaceOrientationPortrait UIInterfaceOrientationLandscapeLeft UIInterfaceOrientationLandscapeRight";
				LD_RUNPATH_SEARCH_PATHS = (
					"$(inherited)",
					"@executable_path/Frameworks",
				);
				MARKETING_VERSION = 1.0;
				PRODUCT_BUNDLE_IDENTIFIER = com.stevenysy.Swipe4MeMobile;
				PRODUCT_NAME = "$(TARGET_NAME)";
				SWIFT_EMIT_LOC_STRINGS = YES;
				SWIFT_VERSION = 5.0;
				TARGETED_DEVICE_FAMILY = "1,2";
			};
			name = Release;
		};
		3E0E1F602DC929EA00329B38 /* Debug */ = {
			isa = XCBuildConfiguration;
			buildSettings = {
				BUNDLE_LOADER = "$(TEST_HOST)";
				CODE_SIGN_STYLE = Automatic;
				CURRENT_PROJECT_VERSION = 1;
				GENERATE_INFOPLIST_FILE = YES;
				IPHONEOS_DEPLOYMENT_TARGET = 18.2;
				MARKETING_VERSION = 1.0;
				PRODUCT_BUNDLE_IDENTIFIER = com.stevenysy.Swipe4MeMobileTests;
				PRODUCT_NAME = "$(TARGET_NAME)";
				SWIFT_EMIT_LOC_STRINGS = NO;
				SWIFT_VERSION = 5.0;
				TARGETED_DEVICE_FAMILY = "1,2";
				TEST_HOST = "$(BUILT_PRODUCTS_DIR)/Swipe4MeMobile.app/$(BUNDLE_EXECUTABLE_FOLDER_PATH)/Swipe4MeMobile";
			};
			name = Debug;
		};
		3E0E1F612DC929EA00329B38 /* Release */ = {
			isa = XCBuildConfiguration;
			buildSettings = {
				BUNDLE_LOADER = "$(TEST_HOST)";
				CODE_SIGN_STYLE = Automatic;
				CURRENT_PROJECT_VERSION = 1;
				GENERATE_INFOPLIST_FILE = YES;
				IPHONEOS_DEPLOYMENT_TARGET = 18.2;
				MARKETING_VERSION = 1.0;
				PRODUCT_BUNDLE_IDENTIFIER = com.stevenysy.Swipe4MeMobileTests;
				PRODUCT_NAME = "$(TARGET_NAME)";
				SWIFT_EMIT_LOC_STRINGS = NO;
				SWIFT_VERSION = 5.0;
				TARGETED_DEVICE_FAMILY = "1,2";
				TEST_HOST = "$(BUILT_PRODUCTS_DIR)/Swipe4MeMobile.app/$(BUNDLE_EXECUTABLE_FOLDER_PATH)/Swipe4MeMobile";
			};
			name = Release;
		};
		3E0E1F632DC929EA00329B38 /* Debug */ = {
			isa = XCBuildConfiguration;
			buildSettings = {
				CODE_SIGN_STYLE = Automatic;
				CURRENT_PROJECT_VERSION = 1;
				GENERATE_INFOPLIST_FILE = YES;
				MARKETING_VERSION = 1.0;
				PRODUCT_BUNDLE_IDENTIFIER = com.stevenysy.Swipe4MeMobileUITests;
				PRODUCT_NAME = "$(TARGET_NAME)";
				SWIFT_EMIT_LOC_STRINGS = NO;
				SWIFT_VERSION = 5.0;
				TARGETED_DEVICE_FAMILY = "1,2";
				TEST_TARGET_NAME = Swipe4MeMobile;
			};
			name = Debug;
		};
		3E0E1F642DC929EA00329B38 /* Release */ = {
			isa = XCBuildConfiguration;
			buildSettings = {
				CODE_SIGN_STYLE = Automatic;
				CURRENT_PROJECT_VERSION = 1;
				GENERATE_INFOPLIST_FILE = YES;
				MARKETING_VERSION = 1.0;
				PRODUCT_BUNDLE_IDENTIFIER = com.stevenysy.Swipe4MeMobileUITests;
				PRODUCT_NAME = "$(TARGET_NAME)";
				SWIFT_EMIT_LOC_STRINGS = NO;
				SWIFT_VERSION = 5.0;
				TARGETED_DEVICE_FAMILY = "1,2";
				TEST_TARGET_NAME = Swipe4MeMobile;
			};
			name = Release;
		};
/* End XCBuildConfiguration section */

/* Begin XCConfigurationList section */
		3E0E1F332DC929E800329B38 /* Build configuration list for PBXProject "Swipe4MeMobile" */ = {
			isa = XCConfigurationList;
			buildConfigurations = (
				3E0E1F5A2DC929EA00329B38 /* Debug */,
				3E0E1F5B2DC929EA00329B38 /* Release */,
			);
			defaultConfigurationIsVisible = 0;
			defaultConfigurationName = Release;
		};
		3E0E1F5C2DC929EA00329B38 /* Build configuration list for PBXNativeTarget "Swipe4MeMobile" */ = {
			isa = XCConfigurationList;
			buildConfigurations = (
				3E0E1F5D2DC929EA00329B38 /* Debug */,
				3E0E1F5E2DC929EA00329B38 /* Release */,
			);
			defaultConfigurationIsVisible = 0;
			defaultConfigurationName = Release;
		};
		3E0E1F5F2DC929EA00329B38 /* Build configuration list for PBXNativeTarget "Swipe4MeMobileTests" */ = {
			isa = XCConfigurationList;
			buildConfigurations = (
				3E0E1F602DC929EA00329B38 /* Debug */,
				3E0E1F612DC929EA00329B38 /* Release */,
			);
			defaultConfigurationIsVisible = 0;
			defaultConfigurationName = Release;
		};
		3E0E1F622DC929EA00329B38 /* Build configuration list for PBXNativeTarget "Swipe4MeMobileUITests" */ = {
			isa = XCConfigurationList;
			buildConfigurations = (
				3E0E1F632DC929EA00329B38 /* Debug */,
				3E0E1F642DC929EA00329B38 /* Release */,
			);
			defaultConfigurationIsVisible = 0;
			defaultConfigurationName = Release;
		};
/* End XCConfigurationList section */

/* Begin XCRemoteSwiftPackageReference section */
		3EBA29B62DC92DEC00C5A480 /* XCRemoteSwiftPackageReference "firebase-ios-sdk" */ = {
			isa = XCRemoteSwiftPackageReference;
			repositoryURL = "https://github.com/firebase/firebase-ios-sdk";
			requirement = {
				kind = upToNextMajorVersion;
				minimumVersion = 11.12.0;
			};
		};
		3EFEB9722DCA7E6200EDA6FB /* XCRemoteSwiftPackageReference "GoogleSignIn-iOS" */ = {
			isa = XCRemoteSwiftPackageReference;
			repositoryURL = "https://github.com/google/GoogleSignIn-iOS";
			requirement = {
				kind = upToNextMajorVersion;
				minimumVersion = 8.0.0;
			};
		};
/* End XCRemoteSwiftPackageReference section */

/* Begin XCSwiftPackageProductDependency section */
		3E01368E2E1395A9009EACBB /* FirebaseFunctions */ = {
			isa = XCSwiftPackageProductDependency;
			package = 3EBA29B62DC92DEC00C5A480 /* XCRemoteSwiftPackageReference "firebase-ios-sdk" */;
			productName = FirebaseFunctions;
		};
		3EBA29B72DC92DEC00C5A480 /* FirebaseAnalytics */ = {
			isa = XCSwiftPackageProductDependency;
			package = 3EBA29B62DC92DEC00C5A480 /* XCRemoteSwiftPackageReference "firebase-ios-sdk" */;
			productName = FirebaseAnalytics;
		};
		3EBA29B92DC92DEC00C5A480 /* FirebaseAppCheck */ = {
			isa = XCSwiftPackageProductDependency;
			package = 3EBA29B62DC92DEC00C5A480 /* XCRemoteSwiftPackageReference "firebase-ios-sdk" */;
			productName = FirebaseAppCheck;
		};
		3EBA29BB2DC92DEC00C5A480 /* FirebaseAppDistribution-Beta */ = {
			isa = XCSwiftPackageProductDependency;
			package = 3EBA29B62DC92DEC00C5A480 /* XCRemoteSwiftPackageReference "firebase-ios-sdk" */;
			productName = "FirebaseAppDistribution-Beta";
		};
		3EBA29BD2DC92DEC00C5A480 /* FirebaseAuth */ = {
			isa = XCSwiftPackageProductDependency;
			package = 3EBA29B62DC92DEC00C5A480 /* XCRemoteSwiftPackageReference "firebase-ios-sdk" */;
			productName = FirebaseAuth;
		};
		3EBA29BF2DC92DEC00C5A480 /* FirebaseCore */ = {
			isa = XCSwiftPackageProductDependency;
			package = 3EBA29B62DC92DEC00C5A480 /* XCRemoteSwiftPackageReference "firebase-ios-sdk" */;
			productName = FirebaseCore;
		};
		3EBA29C12DC92DEC00C5A480 /* FirebaseCrashlytics */ = {
			isa = XCSwiftPackageProductDependency;
			package = 3EBA29B62DC92DEC00C5A480 /* XCRemoteSwiftPackageReference "firebase-ios-sdk" */;
			productName = FirebaseCrashlytics;
		};
		3EBA29C32DC92DEC00C5A480 /* FirebaseDatabase */ = {
			isa = XCSwiftPackageProductDependency;
			package = 3EBA29B62DC92DEC00C5A480 /* XCRemoteSwiftPackageReference "firebase-ios-sdk" */;
			productName = FirebaseDatabase;
		};
		3EBA29C52DC92DEC00C5A480 /* FirebaseDynamicLinks */ = {
			isa = XCSwiftPackageProductDependency;
			package = 3EBA29B62DC92DEC00C5A480 /* XCRemoteSwiftPackageReference "firebase-ios-sdk" */;
			productName = FirebaseDynamicLinks;
		};
		3EBA29C72DC92DEC00C5A480 /* FirebaseFirestore */ = {
			isa = XCSwiftPackageProductDependency;
			package = 3EBA29B62DC92DEC00C5A480 /* XCRemoteSwiftPackageReference "firebase-ios-sdk" */;
			productName = FirebaseFirestore;
		};
		3EBA29C92DC92DEC00C5A480 /* FirebaseInAppMessaging-Beta */ = {
			isa = XCSwiftPackageProductDependency;
			package = 3EBA29B62DC92DEC00C5A480 /* XCRemoteSwiftPackageReference "firebase-ios-sdk" */;
			productName = "FirebaseInAppMessaging-Beta";
		};
		3EBA29CB2DC92DEC00C5A480 /* FirebaseInstallations */ = {
			isa = XCSwiftPackageProductDependency;
			package = 3EBA29B62DC92DEC00C5A480 /* XCRemoteSwiftPackageReference "firebase-ios-sdk" */;
			productName = FirebaseInstallations;
		};
		3EBA29CD2DC92DEC00C5A480 /* FirebaseMessaging */ = {
			isa = XCSwiftPackageProductDependency;
			package = 3EBA29B62DC92DEC00C5A480 /* XCRemoteSwiftPackageReference "firebase-ios-sdk" */;
			productName = FirebaseMessaging;
		};
		3EBA29CF2DC92DEC00C5A480 /* FirebasePerformance */ = {
			isa = XCSwiftPackageProductDependency;
			package = 3EBA29B62DC92DEC00C5A480 /* XCRemoteSwiftPackageReference "firebase-ios-sdk" */;
			productName = FirebasePerformance;
		};
		3EBA29D12DC92DEC00C5A480 /* FirebaseRemoteConfig */ = {
			isa = XCSwiftPackageProductDependency;
			package = 3EBA29B62DC92DEC00C5A480 /* XCRemoteSwiftPackageReference "firebase-ios-sdk" */;
			productName = FirebaseRemoteConfig;
		};
		3EBA29D32DC92DEC00C5A480 /* FirebaseStorage */ = {
			isa = XCSwiftPackageProductDependency;
			package = 3EBA29B62DC92DEC00C5A480 /* XCRemoteSwiftPackageReference "firebase-ios-sdk" */;
			productName = FirebaseStorage;
		};
		3EBA29D52DC92DEC00C5A480 /* FirebaseVertexAI */ = {
			isa = XCSwiftPackageProductDependency;
			package = 3EBA29B62DC92DEC00C5A480 /* XCRemoteSwiftPackageReference "firebase-ios-sdk" */;
			productName = FirebaseVertexAI;
		};
		3EFEB9732DCA7E6200EDA6FB /* GoogleSignIn */ = {
			isa = XCSwiftPackageProductDependency;
			package = 3EFEB9722DCA7E6200EDA6FB /* XCRemoteSwiftPackageReference "GoogleSignIn-iOS" */;
			productName = GoogleSignIn;
		};
		3EFEB9752DCA7E6200EDA6FB /* GoogleSignInSwift */ = {
			isa = XCSwiftPackageProductDependency;
			package = 3EFEB9722DCA7E6200EDA6FB /* XCRemoteSwiftPackageReference "GoogleSignIn-iOS" */;
			productName = GoogleSignInSwift;
		};
/* End XCSwiftPackageProductDependency section */
	};
	rootObject = 3E0E1F302DC929E800329B38 /* Project object */;
}
